Microsoft Visual Studio Solution File, Format Version 12.00
# Visual Studio Version 17
VisualStudioVersion = 17.0.32014.148
MinimumVisualStudioVersion = 10.0.40219.1
Project("{9A19103F-16F7-4668-BE54-9A1E7A4F7556}") = "FinancialStructures.Tests", "FinancialStructures.Tests\FinancialStructures.Tests.csproj", "{709294DA-0BBE-4ACD-9C5E-29773FD18735}"
	ProjectSection(ProjectDependencies) = postProject
		{B86EADB1-3561-470B-9421-2E6992A25346} = {B86EADB1-3561-470B-9421-2E6992A25346}
	EndProjectSection
EndProject
Project("{9A19103F-16F7-4668-BE54-9A1E7A4F7556}") = "FinancialStructures", "FinancialStructures\FinancialStructures.csproj", "{B86EADB1-3561-470B-9421-2E6992A25346}"
EndProject
Project("{2150E333-8FDC-42A3-9474-1A3956D46DE8}") = "Solution Items", "Solution Items", "{89F98A9D-5FE5-4238-A7FA-AA2C4ABC5077}"
	ProjectSection(SolutionItems) = preProject
		.editorconfig = .editorconfig
	EndProjectSection
EndProject
Project("{2150E333-8FDC-42A3-9474-1A3956D46DE8}") = "Build", "Build", "{8989B308-837A-402C-BE70-82764592AC9C}"
	ProjectSection(SolutionItems) = preProject
		Directory.Build.props = Directory.Build.props
	EndProjectSection
EndProject
Project("{9A19103F-16F7-4668-BE54-9A1E7A4F7556}") = "Common.Structure", "Common\Common.Structure\Common.Structure.csproj", "{A2CB7343-EE36-451E-A71B-5CC4E38C2589}"
EndProject
Project("{FAE04EC0-301F-11D3-BF4B-00C04F79EFBC}") = "FinancialStructures.Stocks", "src\FinancialStructures.Stocks\FinancialStructures.Stocks.csproj", "{D5704678-F6AB-4F12-9C52-828C5C8CAF22}"
EndProject
Project("{FAE04EC0-301F-11D3-BF4B-00C04F79EFBC}") = "FinancialStructures.Stocks.Tests", "test\FinancialStructures.Stocks.Tests\FinancialStructures.Stocks.Tests.csproj", "{35A15957-D48E-4EFF-9219-22E991537503}"
EndProject
Global
	GlobalSection(SolutionConfigurationPlatforms) = preSolution
		Debug|x64 = Debug|x64
		Release|x64 = Release|x64
	EndGlobalSection
	GlobalSection(ProjectConfigurationPlatforms) = postSolution
		{709294DA-0BBE-4ACD-9C5E-29773FD18735}.Debug|x64.ActiveCfg = Debug|x64
		{709294DA-0BBE-4ACD-9C5E-29773FD18735}.Debug|x64.Build.0 = Debug|x64
		{709294DA-0BBE-4ACD-9C5E-29773FD18735}.Release|x64.ActiveCfg = Release|x64
		{709294DA-0BBE-4ACD-9C5E-29773FD18735}.Release|x64.Build.0 = Release|x64
		{B86EADB1-3561-470B-9421-2E6992A25346}.Debug|x64.ActiveCfg = Debug|x64
		{B86EADB1-3561-470B-9421-2E6992A25346}.Debug|x64.Build.0 = Debug|x64
		{B86EADB1-3561-470B-9421-2E6992A25346}.Release|x64.ActiveCfg = Release|x64
		{B86EADB1-3561-470B-9421-2E6992A25346}.Release|x64.Build.0 = Release|x64
		{A2CB7343-EE36-451E-A71B-5CC4E38C2589}.Debug|x64.ActiveCfg = Debug|x64
		{A2CB7343-EE36-451E-A71B-5CC4E38C2589}.Debug|x64.Build.0 = Debug|x64
		{A2CB7343-EE36-451E-A71B-5CC4E38C2589}.Release|x64.ActiveCfg = Release|x64
		{A2CB7343-EE36-451E-A71B-5CC4E38C2589}.Release|x64.Build.0 = Release|x64
		{D5704678-F6AB-4F12-9C52-828C5C8CAF22}.Debug|x64.ActiveCfg = Debug|x64
		{D5704678-F6AB-4F12-9C52-828C5C8CAF22}.Debug|x64.Build.0 = Debug|x64
		{D5704678-F6AB-4F12-9C52-828C5C8CAF22}.Release|x64.ActiveCfg = Release|x64
		{D5704678-F6AB-4F12-9C52-828C5C8CAF22}.Release|x64.Build.0 = Release|x64
		{35A15957-D48E-4EFF-9219-22E991537503}.Debug|x64.ActiveCfg = Debug|x64
		{35A15957-D48E-4EFF-9219-22E991537503}.Debug|x64.Build.0 = Debug|x64
		{35A15957-D48E-4EFF-9219-22E991537503}.Release|x64.ActiveCfg = Release|x64
		{35A15957-D48E-4EFF-9219-22E991537503}.Release|x64.Build.0 = Release|x64
	EndGlobalSection
	GlobalSection(SolutionProperties) = preSolution
		HideSolutionNode = FALSE
	EndGlobalSection
	GlobalSection(ExtensibilityGlobals) = postSolution
		SolutionGuid = {4CD79E05-68D6-4E90-87E0-3232C41F7565}
	EndGlobalSection
EndGlobal
